
Microsoft Visual Studio Solution File, Format Version 12.00
# Visual Studio Version 16
VisualStudioVersion = 16.0.31313.79
MinimumVisualStudioVersion = 10.0.40219.1
Project("{FAE04EC0-301F-11D3-BF4B-00C04F79EFBC}") = "ATM", "ATM\ATM.csproj", "{EF7679C5-12D4-4C82-A87F-4B914F9843EC}"
EndProject
Global
	GlobalSection(SolutionConfigurationPlatforms) = preSolution
		Debug|Any CPU = Debug|Any CPU
		Release|Any CPU = Release|Any CPU
	EndGlobalSection
	GlobalSection(ProjectConfigurationPlatforms) = postSolution
		{EF7679C5-12D4-4C82-A87F-4B914F9843EC}.Debug|Any CPU.ActiveCfg = Debug|Any CPU
		{EF7679C5-12D4-4C82-A87F-4B914F9843EC}.Debug|Any CPU.Build.0 = Debug|Any CPU
		{EF7679C5-12D4-4C82-A87F-4B914F9843EC}.Release|Any CPU.ActiveCfg = Release|Any CPU
		{EF7679C5-12D4-4C82-A87F-4B914F9843EC}.Release|Any CPU.Build.0 = Release|Any CPU
	EndGlobalSection
	GlobalSection(SolutionProperties) = preSolution
		HideSolutionNode = FALSE
	EndGlobalSection
	GlobalSection(ExtensibilityGlobals) = postSolution
		SolutionGuid = {46F416C1-DDE8-4A24-B1FC-A33F230E5C46}
	EndGlobalSection
EndGlobal
